// !$*UTF8*$!
{
	archiveVersion = 1;
	classes = {
	};
	objectVersion = 50;
	objects = {

/* Begin PBXBuildFile section */
		A31A56312202CDAD00155BAC /* Main.storyboard in Resources */ = {isa = PBXBuildFile; fileRef = A31A56302202CDAD00155BAC /* Main.storyboard */; };
		A31A56342202CF8200155BAC /* Home.storyboard in Resources */ = {isa = PBXBuildFile; fileRef = A31A56322202CF8200155BAC /* Home.storyboard */; };
		A31A56372202CFA800155BAC /* Live.storyboard in Resources */ = {isa = PBXBuildFile; fileRef = A31A56352202CFA800155BAC /* Live.storyboard */; };
		A31A563A2202CFC100155BAC /* Follow.storyboard in Resources */ = {isa = PBXBuildFile; fileRef = A31A56382202CFC100155BAC /* Follow.storyboard */; };
		A31A563D2202CFD500155BAC /* Profle.storyboard in Resources */ = {isa = PBXBuildFile; fileRef = A31A563B2202CFD500155BAC /* Profle.storyboard */; };
		A31F1DF7220060AA00F11C82 /* AppDelegate.swift in Sources */ = {isa = PBXBuildFile; fileRef = A31F1DF6220060AA00F11C82 /* AppDelegate.swift */; };
		A31F1E00220060AB00F11C82 /* Assets.xcassets in Resources */ = {isa = PBXBuildFile; fileRef = A31F1DFF220060AB00F11C82 /* Assets.xcassets */; };
		A31F1E0E220060AB00F11C82 /* DouyuZbTests.swift in Sources */ = {isa = PBXBuildFile; fileRef = A31F1E0D220060AB00F11C82 /* DouyuZbTests.swift */; };
		A31F1E19220060AB00F11C82 /* DouyuZbUITests.swift in Sources */ = {isa = PBXBuildFile; fileRef = A31F1E18220060AB00F11C82 /* DouyuZbUITests.swift */; };
/* End PBXBuildFile section */

/* Begin PBXContainerItemProxy section */
		A31F1E0A220060AB00F11C82 /* PBXContainerItemProxy */ = {
			isa = PBXContainerItemProxy;
			containerPortal = A31F1DEB220060AA00F11C82 /* Project object */;
			proxyType = 1;
			remoteGlobalIDString = A31F1DF2220060AA00F11C82;
			remoteInfo = DouyuZb;
		};
		A31F1E15220060AB00F11C82 /* PBXContainerItemProxy */ = {
			isa = PBXContainerItemProxy;
			containerPortal = A31F1DEB220060AA00F11C82 /* Project object */;
			proxyType = 1;
			remoteGlobalIDString = A31F1DF2220060AA00F11C82;
			remoteInfo = DouyuZb;
		};
/* End PBXContainerItemProxy section */

/* Begin PBXFileReference section */
		A31A56302202CDAD00155BAC /* Main.storyboard */ = {isa = PBXFileReference; lastKnownFileType = file.storyboard; path = Main.storyboard; sourceTree = "<group>"; };
		A31A56332202CF8200155BAC /* Base */ = {isa = PBXFileReference; lastKnownFileType = file.storyboard; name = Base; path = DouyuZb/Base.lproj/Home.storyboard; sourceTree = SOURCE_ROOT; };
		A31A56362202CFA800155BAC /* Base */ = {isa = PBXFileReference; lastKnownFileType = file.storyboard; name = Base; path = DouyuZb/Base.lproj/Live.storyboard; sourceTree = SOURCE_ROOT; };
		A31A56392202CFC100155BAC /* Base */ = {isa = PBXFileReference; lastKnownFileType = file.storyboard; name = Base; path = DouyuZb/Base.lproj/Follow.storyboard; sourceTree = SOURCE_ROOT; };
		A31A563C2202CFD500155BAC /* Base */ = {isa = PBXFileReference; lastKnownFileType = file.storyboard; name = Base; path = DouyuZb/Base.lproj/Profle.storyboard; sourceTree = SOURCE_ROOT; };
		A31F1DF3220060AA00F11C82 /* DouyuZb.app */ = {isa = PBXFileReference; explicitFileType = wrapper.application; includeInIndex = 0; path = DouyuZb.app; sourceTree = BUILT_PRODUCTS_DIR; };
		A31F1DF6220060AA00F11C82 /* AppDelegate.swift */ = {isa = PBXFileReference; lastKnownFileType = sourcecode.swift; path = AppDelegate.swift; sourceTree = "<group>"; };
		A31F1DFF220060AB00F11C82 /* Assets.xcassets */ = {isa = PBXFileReference; lastKnownFileType = folder.assetcatalog; path = Assets.xcassets; sourceTree = "<group>"; };
		A31F1E04220060AB00F11C82 /* Info.plist */ = {isa = PBXFileReference; lastKnownFileType = text.plist.xml; path = Info.plist; sourceTree = "<group>"; };
		A31F1E09220060AB00F11C82 /* DouyuZbTests.xctest */ = {isa = PBXFileReference; explicitFileType = wrapper.cfbundle; includeInIndex = 0; path = DouyuZbTests.xctest; sourceTree = BUILT_PRODUCTS_DIR; };
		A31F1E0D220060AB00F11C82 /* DouyuZbTests.swift */ = {isa = PBXFileReference; lastKnownFileType = sourcecode.swift; path = DouyuZbTests.swift; sourceTree = "<group>"; };
		A31F1E0F220060AB00F11C82 /* Info.plist */ = {isa = PBXFileReference; lastKnownFileType = text.plist.xml; path = Info.plist; sourceTree = "<group>"; };
		A31F1E14220060AB00F11C82 /* DouyuZbUITests.xctest */ = {isa = PBXFileReference; explicitFileType = wrapper.cfbundle; includeInIndex = 0; path = DouyuZbUITests.xctest; sourceTree = BUILT_PRODUCTS_DIR; };
		A31F1E18220060AB00F11C82 /* DouyuZbUITests.swift */ = {isa = PBXFileReference; lastKnownFileType = sourcecode.swift; path = DouyuZbUITests.swift; sourceTree = "<group>"; };
		A31F1E1A220060AB00F11C82 /* Info.plist */ = {isa = PBXFileReference; lastKnownFileType = text.plist.xml; path = Info.plist; sourceTree = "<group>"; };
/* End PBXFileReference section */

/* Begin PBXFrameworksBuildPhase section */
		A31F1DF0220060AA00F11C82 /* Frameworks */ = {
			isa = PBXFrameworksBuildPhase;
			buildActionMask = 2147483647;
			files = (
			);
			runOnlyForDeploymentPostprocessing = 0;
		};
		A31F1E06220060AB00F11C82 /* Frameworks */ = {
			isa = PBXFrameworksBuildPhase;
			buildActionMask = 2147483647;
			files = (
			);
			runOnlyForDeploymentPostprocessing = 0;
		};
		A31F1E11220060AB00F11C82 /* Frameworks */ = {
			isa = PBXFrameworksBuildPhase;
			buildActionMask = 2147483647;
			files = (
			);
			runOnlyForDeploymentPostprocessing = 0;
		};
/* End PBXFrameworksBuildPhase section */

/* Begin PBXGroup section */
		A31F1DEA220060AA00F11C82 = {
			isa = PBXGroup;
			children = (
				A31F1DF5220060AA00F11C82 /* DouyuZb */,
				A31F1E0C220060AB00F11C82 /* DouyuZbTests */,
				A31F1E17220060AB00F11C82 /* DouyuZbUITests */,
				A31F1DF4220060AA00F11C82 /* Products */,
			);
			sourceTree = "<group>";
		};
		A31F1DF4220060AA00F11C82 /* Products */ = {
			isa = PBXGroup;
			children = (
				A31F1DF3220060AA00F11C82 /* DouyuZb.app */,
				A31F1E09220060AB00F11C82 /* DouyuZbTests.xctest */,
				A31F1E14220060AB00F11C82 /* DouyuZbUITests.xctest */,
			);
			name = Products;
			sourceTree = "<group>";
		};
		A31F1DF5220060AA00F11C82 /* DouyuZb */ = {
			isa = PBXGroup;
			children = (
				A31F1F292202CA2D00F11C82 /* Classes */,
				A31F1DF6220060AA00F11C82 /* AppDelegate.swift */,
				A31F1DFF220060AB00F11C82 /* Assets.xcassets */,
				A31F1E04220060AB00F11C82 /* Info.plist */,
			);
			path = DouyuZb;
			sourceTree = "<group>";
		};
		A31F1E0C220060AB00F11C82 /* DouyuZbTests */ = {
			isa = PBXGroup;
			children = (
				A31F1E0D220060AB00F11C82 /* DouyuZbTests.swift */,
				A31F1E0F220060AB00F11C82 /* Info.plist */,
			);
			path = DouyuZbTests;
			sourceTree = "<group>";
		};
		A31F1E17220060AB00F11C82 /* DouyuZbUITests */ = {
			isa = PBXGroup;
			children = (
				A31F1E18220060AB00F11C82 /* DouyuZbUITests.swift */,
				A31F1E1A220060AB00F11C82 /* Info.plist */,
			);
			path = DouyuZbUITests;
			sourceTree = "<group>";
		};
		A31F1F292202CA2D00F11C82 /* Classes */ = {
			isa = PBXGroup;
			children = (
				A31F1F2F2202CA5800F11C82 /* Main */,
				A31F1F2A2202CA2D00F11C82 /* Home */,
				A31F1F2E2202CA2D00F11C82 /* Live */,
				A31F1F2C2202CA2D00F11C82 /* Follow */,
				A31F1F2D2202CA2D00F11C82 /* Profile */,
				A31F1F2B2202CA2D00F11C82 /* Tools */,
			);
			path = Classes;
			sourceTree = "<group>";
		};
		A31F1F2A2202CA2D00F11C82 /* Home */ = {
			isa = PBXGroup;
			children = (
				A31A56322202CF8200155BAC /* Home.storyboard */,
			);
			path = Home;
			sourceTree = "<group>";
		};
		A31F1F2B2202CA2D00F11C82 /* Tools */ = {
			isa = PBXGroup;
			children = (
			);
			path = Tools;
			sourceTree = "<group>";
		};
		A31F1F2C2202CA2D00F11C82 /* Follow */ = {
			isa = PBXGroup;
			children = (
				A31A56382202CFC100155BAC /* Follow.storyboard */,
			);
			path = Follow;
			sourceTree = "<group>";
		};
		A31F1F2D2202CA2D00F11C82 /* Profile */ = {
			isa = PBXGroup;
			children = (
				A31A563B2202CFD500155BAC /* Profle.storyboard */,
			);
			path = Profile;
			sourceTree = "<group>";
		};
		A31F1F2E2202CA2D00F11C82 /* Live */ = {
			isa = PBXGroup;
			children = (
				A31A56352202CFA800155BAC /* Live.storyboard */,
			);
			path = Live;
			sourceTree = "<group>";
		};
		A31F1F2F2202CA5800F11C82 /* Main */ = {
			isa = PBXGroup;
			children = (
				A31A56302202CDAD00155BAC /* Main.storyboard */,
			);
			path = Main;
			sourceTree = "<group>";
		};
/* End PBXGroup section */

/* Begin PBXNativeTarget section */
		A31F1DF2220060AA00F11C82 /* DouyuZb */ = {
			isa = PBXNativeTarget;
			buildConfigurationList = A31F1E1D220060AB00F11C82 /* Build configuration list for PBXNativeTarget "DouyuZb" */;
			buildPhases = (
				A31F1DEF220060AA00F11C82 /* Sources */,
				A31F1DF0220060AA00F11C82 /* Frameworks */,
				A31F1DF1220060AA00F11C82 /* Resources */,
			);
			buildRules = (
			);
			dependencies = (
			);
			name = DouyuZb;
			productName = DouyuZb;
			productReference = A31F1DF3220060AA00F11C82 /* DouyuZb.app */;
			productType = "com.apple.product-type.application";
		};
		A31F1E08220060AB00F11C82 /* DouyuZbTests */ = {
			isa = PBXNativeTarget;
			buildConfigurationList = A31F1E20220060AB00F11C82 /* Build configuration list for PBXNativeTarget "DouyuZbTests" */;
			buildPhases = (
				A31F1E05220060AB00F11C82 /* Sources */,
				A31F1E06220060AB00F11C82 /* Frameworks */,
				A31F1E07220060AB00F11C82 /* Resources */,
			);
			buildRules = (
			);
			dependencies = (
				A31F1E0B220060AB00F11C82 /* PBXTargetDependency */,
			);
			name = DouyuZbTests;
			productName = DouyuZbTests;
			productReference = A31F1E09220060AB00F11C82 /* DouyuZbTests.xctest */;
			productType = "com.apple.product-type.bundle.unit-test";
		};
		A31F1E13220060AB00F11C82 /* DouyuZbUITests */ = {
			isa = PBXNativeTarget;
			buildConfigurationList = A31F1E23220060AB00F11C82 /* Build configuration list for PBXNativeTarget "DouyuZbUITests" */;
			buildPhases = (
				A31F1E10220060AB00F11C82 /* Sources */,
				A31F1E11220060AB00F11C82 /* Frameworks */,
				A31F1E12220060AB00F11C82 /* Resources */,
			);
			buildRules = (
			);
			dependencies = (
				A31F1E16220060AB00F11C82 /* PBXTargetDependency */,
			);
			name = DouyuZbUITests;
			productName = DouyuZbUITests;
			productReference = A31F1E14220060AB00F11C82 /* DouyuZbUITests.xctest */;
			productType = "com.apple.product-type.bundle.ui-testing";
		};
/* End PBXNativeTarget section */

/* Begin PBXProject section */
		A31F1DEB220060AA00F11C82 /* Project object */ = {
			isa = PBXProject;
			attributes = {
				LastSwiftUpdateCheck = 1010;
				LastUpgradeCheck = 1010;
				ORGANIZATIONNAME = luke;
				TargetAttributes = {
					A31F1DF2220060AA00F11C82 = {
						CreatedOnToolsVersion = 10.1;
					};
					A31F1E08220060AB00F11C82 = {
						CreatedOnToolsVersion = 10.1;
						TestTargetID = A31F1DF2220060AA00F11C82;
					};
					A31F1E13220060AB00F11C82 = {
						CreatedOnToolsVersion = 10.1;
						TestTargetID = A31F1DF2220060AA00F11C82;
					};
				};
			};
			buildConfigurationList = A31F1DEE220060AA00F11C82 /* Build configuration list for PBXProject "DouyuZb" */;
			compatibilityVersion = "Xcode 9.3";
			developmentRegion = en;
			hasScannedForEncodings = 0;
			knownRegions = (
				en,
				Base,
			);
			mainGroup = A31F1DEA220060AA00F11C82;
			productRefGroup = A31F1DF4220060AA00F11C82 /* Products */;
			projectDirPath = "";
			projectRoot = "";
			targets = (
				A31F1DF2220060AA00F11C82 /* DouyuZb */,
				A31F1E08220060AB00F11C82 /* DouyuZbTests */,
				A31F1E13220060AB00F11C82 /* DouyuZbUITests */,
			);
		};
/* End PBXProject section */

/* Begin PBXResourcesBuildPhase section */
		A31F1DF1220060AA00F11C82 /* Resources */ = {
			isa = PBXResourcesBuildPhase;
			buildActionMask = 2147483647;
			files = (
				A31A563A2202CFC100155BAC /* Follow.storyboard in Resources */,
				A31A56342202CF8200155BAC /* Home.storyboard in Resources */,
				A31A563D2202CFD500155BAC /* Profle.storyboard in Resources */,
				A31A56312202CDAD00155BAC /* Main.storyboard in Resources */,
				A31A56372202CFA800155BAC /* Live.storyboard in Resources */,
				A31F1E00220060AB00F11C82 /* Assets.xcassets in Resources */,
			);
			runOnlyForDeploymentPostprocessing = 0;
		};
		A31F1E07220060AB00F11C82 /* Resources */ = {
			isa = PBXResourcesBuildPhase;
			buildActionMask = 2147483647;
			files = (
			);
			runOnlyForDeploymentPostprocessing = 0;
		};
		A31F1E12220060AB00F11C82 /* Resources */ = {
			isa = PBXResourcesBuildPhase;
			buildActionMask = 2147483647;
			files = (
			);
			runOnlyForDeploymentPostprocessing = 0;
		};
/* End PBXResourcesBuildPhase section */

/* Begin PBXSourcesBuildPhase section */
		A31F1DEF220060AA00F11C82 /* Sources */ = {
			isa = PBXSourcesBuildPhase;
			buildActionMask = 2147483647;
			files = (
				A31F1DF7220060AA00F11C82 /* AppDelegate.swift in Sources */,
			);
			runOnlyForDeploymentPostprocessing = 0;
		};
		A31F1E05220060AB00F11C82 /* Sources */ = {
			isa = PBXSourcesBuildPhase;
			buildActionMask = 2147483647;
			files = (
				A31F1E0E220060AB00F11C82 /* DouyuZbTests.swift in Sources */,
			);
			runOnlyForDeploymentPostprocessing = 0;
		};
		A31F1E10220060AB00F11C82 /* Sources */ = {
			isa = PBXSourcesBuildPhase;
			buildActionMask = 2147483647;
			files = (
				A31F1E19220060AB00F11C82 /* DouyuZbUITests.swift in Sources */,
			);
			runOnlyForDeploymentPostprocessing = 0;
		};
/* End PBXSourcesBuildPhase section */

/* Begin PBXTargetDependency section */
		A31F1E0B220060AB00F11C82 /* PBXTargetDependency */ = {
			isa = PBXTargetDependency;
			target = A31F1DF2220060AA00F11C82 /* DouyuZb */;
			targetProxy = A31F1E0A220060AB00F11C82 /* PBXContainerItemProxy */;
		};
		A31F1E16220060AB00F11C82 /* PBXTargetDependency */ = {
			isa = PBXTargetDependency;
			target = A31F1DF2220060AA00F11C82 /* DouyuZb */;
			targetProxy = A31F1E15220060AB00F11C82 /* PBXContainerItemProxy */;
		};
/* End PBXTargetDependency section */

/* Begin PBXVariantGroup section */
		A31A56322202CF8200155BAC /* Home.storyboard */ = {
			isa = PBXVariantGroup;
			children = (
				A31A56332202CF8200155BAC /* Base */,
			);
			name = Home.storyboard;
			sourceTree = "<group>";
		};
		A31A56352202CFA800155BAC /* Live.storyboard */ = {
			isa = PBXVariantGroup;
			children = (
				A31A56362202CFA800155BAC /* Base */,
			);
			name = Live.storyboard;
			sourceTree = "<group>";
		};
		A31A56382202CFC100155BAC /* Follow.storyboard */ = {
			isa = PBXVariantGroup;
			children = (
				A31A56392202CFC100155BAC /* Base */,
			);
			name = Follow.storyboard;
			sourceTree = "<group>";
		};
		A31A563B2202CFD500155BAC /* Profle.storyboard */ = {
			isa = PBXVariantGroup;
			children = (
				A31A563C2202CFD500155BAC /* Base */,
			);
			name = Profle.storyboard;
			sourceTree = "<group>";
		};
/* End PBXVariantGroup section */

/* Begin XCBuildConfiguration section */
		A31F1E1B220060AB00F11C82 /* Debug */ = {
			isa = XCBuildConfiguration;
			buildSettings = {
				ALWAYS_SEARCH_USER_PATHS = NO;
				CLANG_ANALYZER_NONNULL = YES;
				CLANG_ANALYZER_NUMBER_OBJECT_CONVERSION = YES_AGGRESSIVE;
				CLANG_CXX_LANGUAGE_STANDARD = "gnu++14";
				CLANG_CXX_LIBRARY = "libc++";
				CLANG_ENABLE_MODULES = YES;
				CLANG_ENABLE_OBJC_ARC = YES;
				CLANG_ENABLE_OBJC_WEAK = YES;
				CLANG_WARN_BLOCK_CAPTURE_AUTORELEASING = YES;
				CLANG_WARN_BOOL_CONVERSION = YES;
				CLANG_WARN_COMMA = YES;
				CLANG_WARN_CONSTANT_CONVERSION = YES;
				CLANG_WARN_DEPRECATED_OBJC_IMPLEMENTATIONS = YES;
				CLANG_WARN_DIRECT_OBJC_ISA_USAGE = YES_ERROR;
				CLANG_WARN_DOCUMENTATION_COMMENTS = YES;
				CLANG_WARN_EMPTY_BODY = YES;
				CLANG_WARN_ENUM_CONVERSION = YES;
				CLANG_WARN_INFINITE_RECURSION = YES;
				CLANG_WARN_INT_CONVERSION = YES;
				CLANG_WARN_NON_LITERAL_NULL_CONVERSION = YES;
				CLANG_WARN_OBJC_IMPLICIT_RETAIN_SELF = YES;
				CLANG_WARN_OBJC_LITERAL_CONVERSION = YES;
				CLANG_WARN_OBJC_ROOT_CLASS = YES_ERROR;
				CLANG_WARN_RANGE_LOOP_ANALYSIS = YES;
				CLANG_WARN_STRICT_PROTOTYPES = YES;
				CLANG_WARN_SUSPICIOUS_MOVE = YES;
				CLANG_WARN_UNGUARDED_AVAILABILITY = YES_AGGRESSIVE;
				CLANG_WARN_UNREACHABLE_CODE = YES;
				CLANG_WARN__DUPLICATE_METHOD_MATCH = YES;
				CODE_SIGN_IDENTITY = "iPhone Developer";
				COPY_PHASE_STRIP = NO;
				DEBUG_INFORMATION_FORMAT = dwarf;
				ENABLE_STRICT_OBJC_MSGSEND = YES;
				ENABLE_TESTABILITY = YES;
				GCC_C_LANGUAGE_STANDARD = gnu11;
				GCC_DYNAMIC_NO_PIC = NO;
				GCC_NO_COMMON_BLOCKS = YES;
				GCC_OPTIMIZATION_LEVEL = 0;
				GCC_PREPROCESSOR_DEFINITIONS = (
					"DEBUG=1",
					"$(inherited)",
				);
				GCC_WARN_64_TO_32_BIT_CONVERSION = YES;
				GCC_WARN_ABOUT_RETURN_TYPE = YES_ERROR;
				GCC_WARN_UNDECLARED_SELECTOR = YES;
				GCC_WARN_UNINITIALIZED_AUTOS = YES_AGGRESSIVE;
				GCC_WARN_UNUSED_FUNCTION = YES;
				GCC_WARN_UNUSED_VARIABLE = YES;
				IPHONEOS_DEPLOYMENT_TARGET = 12.1;
				MTL_ENABLE_DEBUG_INFO = INCLUDE_SOURCE;
				MTL_FAST_MATH = YES;
				ONLY_ACTIVE_ARCH = YES;
				SDKROOT = iphoneos;
				SWIFT_ACTIVE_COMPILATION_CONDITIONS = DEBUG;
				SWIFT_OPTIMIZATION_LEVEL = "-Onone";
			};
			name = Debug;
		};
		A31F1E1C220060AB00F11C82 /* Release */ = {
			isa = XCBuildConfiguration;
			buildSettings = {
				ALWAYS_SEARCH_USER_PATHS = NO;
				CLANG_ANALYZER_NONNULL = YES;
				CLANG_ANALYZER_NUMBER_OBJECT_CONVERSION = YES_AGGRESSIVE;
				CLANG_CXX_LANGUAGE_STANDARD = "gnu++14";
				CLANG_CXX_LIBRARY = "libc++";
				CLANG_ENABLE_MODULES = YES;
				CLANG_ENABLE_OBJC_ARC = YES;
				CLANG_ENABLE_OBJC_WEAK = YES;
				CLANG_WARN_BLOCK_CAPTURE_AUTORELEASING = YES;
				CLANG_WARN_BOOL_CONVERSION = YES;
				CLANG_WARN_COMMA = YES;
				CLANG_WARN_CONSTANT_CONVERSION = YES;
				CLANG_WARN_DEPRECATED_OBJC_IMPLEMENTATIONS = YES;
				CLANG_WARN_DIRECT_OBJC_ISA_USAGE = YES_ERROR;
				CLANG_WARN_DOCUMENTATION_COMMENTS = YES;
				CLANG_WARN_EMPTY_BODY = YES;
				CLANG_WARN_ENUM_CONVERSION = YES;
				CLANG_WARN_INFINITE_RECURSION = YES;
				CLANG_WARN_INT_CONVERSION = YES;
				CLANG_WARN_NON_LITERAL_NULL_CONVERSION = YES;
				CLANG_WARN_OBJC_IMPLICIT_RETAIN_SELF = YES;
				CLANG_WARN_OBJC_LITERAL_CONVERSION = YES;
				CLANG_WARN_OBJC_ROOT_CLASS = YES_ERROR;
				CLANG_WARN_RANGE_LOOP_ANALYSIS = YES;
				CLANG_WARN_STRICT_PROTOTYPES = YES;
				CLANG_WARN_SUSPICIOUS_MOVE = YES;
				CLANG_WARN_UNGUARDED_AVAILABILITY = YES_AGGRESSIVE;
				CLANG_WARN_UNREACHABLE_CODE = YES;
				CLANG_WARN__DUPLICATE_METHOD_MATCH = YES;
				CODE_SIGN_IDENTITY = "iPhone Developer";
				COPY_PHASE_STRIP = NO;
				DEBUG_INFORMATION_FORMAT = "dwarf-with-dsym";
				ENABLE_NS_ASSERTIONS = NO;
				ENABLE_STRICT_OBJC_MSGSEND = YES;
				GCC_C_LANGUAGE_STANDARD = gnu11;
				GCC_NO_COMMON_BLOCKS = YES;
				GCC_WARN_64_TO_32_BIT_CONVERSION = YES;
				GCC_WARN_ABOUT_RETURN_TYPE = YES_ERROR;
				GCC_WARN_UNDECLARED_SELECTOR = YES;
				GCC_WARN_UNINITIALIZED_AUTOS = YES_AGGRESSIVE;
				GCC_WARN_UNUSED_FUNCTION = YES;
				GCC_WARN_UNUSED_VARIABLE = YES;
				IPHONEOS_DEPLOYMENT_TARGET = 12.1;
				MTL_ENABLE_DEBUG_INFO = NO;
				MTL_FAST_MATH = YES;
				SDKROOT = iphoneos;
				SWIFT_COMPILATION_MODE = wholemodule;
				SWIFT_OPTIMIZATION_LEVEL = "-O";
				VALIDATE_PRODUCT = YES;
			};
			name = Release;
		};
		A31F1E1E220060AB00F11C82 /* Debug */ = {
			isa = XCBuildConfiguration;
			buildSettings = {
				ASSETCATALOG_COMPILER_APPICON_NAME = AppIcon;
				ASSETCATALOG_COMPILER_LAUNCHIMAGE_NAME = "Brand Assets";
				CODE_SIGN_STYLE = Automatic;
				DEVELOPMENT_TEAM = U7VX3W85WZ;
				INFOPLIST_FILE = DouyuZb/Info.plist;
				IPHONEOS_DEPLOYMENT_TARGET = 9.0;
				LD_RUNPATH_SEARCH_PATHS = (
					"$(inherited)",
					"@executable_path/Frameworks",
				);
				PRODUCT_BUNDLE_IDENTIFIER = com.luke.DouyuZb;
				PRODUCT_NAME = "$(TARGET_NAME)";
				SWIFT_VERSION = 4.2;
				TARGETED_DEVICE_FAMILY = 1;
			};
			name = Debug;
		};
		A31F1E1F220060AB00F11C82 /* Release */ = {
			isa = XCBuildConfiguration;
			buildSettings = {
				ASSETCATALOG_COMPILER_APPICON_NAME = AppIcon;
				ASSETCATALOG_COMPILER_LAUNCHIMAGE_NAME = "Brand Assets";
				CODE_SIGN_STYLE = Automatic;
				DEVELOPMENT_TEAM = U7VX3W85WZ;
				INFOPLIST_FILE = DouyuZb/Info.plist;
				IPHONEOS_DEPLOYMENT_TARGET = 9.0;
				LD_RUNPATH_SEARCH_PATHS = (
					"$(inherited)",
					"@executable_path/Frameworks",
				);
				PRODUCT_BUNDLE_IDENTIFIER = com.luke.DouyuZb;
				PRODUCT_NAME = "$(TARGET_NAME)";
				SWIFT_VERSION = 4.2;
				TARGETED_DEVICE_FAMILY = 1;
			};
			name = Release;
		};
		A31F1E21220060AB00F11C82 /* Debug */ = {
			isa = XCBuildConfiguration;
			buildSettings = {
				ALWAYS_EMBED_SWIFT_STANDARD_LIBRARIES = YES;
				BUNDLE_LOADER = "$(TEST_HOST)";
				CODE_SIGN_STYLE = Automatic;
				INFOPLIST_FILE = DouyuZbTests/Info.plist;
				LD_RUNPATH_SEARCH_PATHS = (
					"$(inherited)",
					"@executable_path/Frameworks",
					"@loader_path/Frameworks",
				);
				PRODUCT_BUNDLE_IDENTIFIER = com.luke.DouyuZbTests;
				PRODUCT_NAME = "$(TARGET_NAME)";
				SWIFT_VERSION = 4.2;
				TARGETED_DEVICE_FAMILY = "1,2";
				TEST_HOST = "$(BUILT_PRODUCTS_DIR)/DouyuZb.app/DouyuZb";
			};
			name = Debug;
		};
		A31F1E22220060AB00F11C82 /* Release */ = {
			isa = XCBuildConfiguration;
			buildSettings = {
				ALWAYS_EMBED_SWIFT_STANDARD_LIBRARIES = YES;
				BUNDLE_LOADER = "$(TEST_HOST)";
				CODE_SIGN_STYLE = Automatic;
				INFOPLIST_FILE = DouyuZbTests/Info.plist;
				LD_RUNPATH_SEARCH_PATHS = (
					"$(inherited)",
					"@executable_path/Frameworks",
					"@loader_path/Frameworks",
				);
				PRODUCT_BUNDLE_IDENTIFIER = com.luke.DouyuZbTests;
				PRODUCT_NAME = "$(TARGET_NAME)";
				SWIFT_VERSION = 4.2;
				TARGETED_DEVICE_FAMILY = "1,2";
				TEST_HOST = "$(BUILT_PRODUCTS_DIR)/DouyuZb.app/DouyuZb";
			};
			name = Release;
		};
		A31F1E24220060AB00F11C82 /* Debug */ = {
			isa = XCBuildConfiguration;
			buildSettings = {
				ALWAYS_EMBED_SWIFT_STANDARD_LIBRARIES = YES;
				CODE_SIGN_STYLE = Automatic;
				INFOPLIST_FILE = DouyuZbUITests/Info.plist;
				LD_RUNPATH_SEARCH_PATHS = (
					"$(inherited)",
					"@executable_path/Frameworks",
					"@loader_path/Frameworks",
				);
				PRODUCT_BUNDLE_IDENTIFIER = com.luke.DouyuZbUITests;
				PRODUCT_NAME = "$(TARGET_NAME)";
				SWIFT_VERSION = 4.2;
				TARGETED_DEVICE_FAMILY = "1,2";
				TEST_TARGET_NAME = DouyuZb;
			};
			name = Debug;
		};
		A31F1E25220060AB00F11C82 /* Release */ = {
			isa = XCBuildConfiguration;
			buildSettings = {
				ALWAYS_EMBED_SWIFT_STANDARD_LIBRARIES = YES;
				CODE_SIGN_STYLE = Automatic;
				INFOPLIST_FILE = DouyuZbUITests/Info.plist;
				LD_RUNPATH_SEARCH_PATHS = (
					"$(inherited)",
					"@executable_path/Frameworks",
					"@loader_path/Frameworks",
				);
				PRODUCT_BUNDLE_IDENTIFIER = com.luke.DouyuZbUITests;
				PRODUCT_NAME = "$(TARGET_NAME)";
				SWIFT_VERSION = 4.2;
				TARGETED_DEVICE_FAMILY = "1,2";
				TEST_TARGET_NAME = DouyuZb;
			};
			name = Release;
		};
/* End XCBuildConfiguration section */

/* Begin XCConfigurationList section */
		A31F1DEE220060AA00F11C82 /* Build configuration list for PBXProject "DouyuZb" */ = {
			isa = XCConfigurationList;
			buildConfigurations = (
				A31F1E1B220060AB00F11C82 /* Debug */,
				A31F1E1C220060AB00F11C82 /* Release */,
			);
			defaultConfigurationIsVisible = 0;
			defaultConfigurationName = Release;
		};
		A31F1E1D220060AB00F11C82 /* Build configuration list for PBXNativeTarget "DouyuZb" */ = {
			isa = XCConfigurationList;
			buildConfigurations = (
				A31F1E1E220060AB00F11C82 /* Debug */,
				A31F1E1F220060AB00F11C82 /* Release */,
			);
			defaultConfigurationIsVisible = 0;
			defaultConfigurationName = Release;
		};
		A31F1E20220060AB00F11C82 /* Build configuration list for PBXNativeTarget "DouyuZbTests" */ = {
			isa = XCConfigurationList;
			buildConfigurations = (
				A31F1E21220060AB00F11C82 /* Debug */,
				A31F1E22220060AB00F11C82 /* Release */,
			);
			defaultConfigurationIsVisible = 0;
			defaultConfigurationName = Release;
		};
		A31F1E23220060AB00F11C82 /* Build configuration list for PBXNativeTarget "DouyuZbUITests" */ = {
			isa = XCConfigurationList;
			buildConfigurations = (
				A31F1E24220060AB00F11C82 /* Debug */,
				A31F1E25220060AB00F11C82 /* Release */,
			);
			defaultConfigurationIsVisible = 0;
			defaultConfigurationName = Release;
		};
/* End XCConfigurationList section */
	};
	rootObject = A31F1DEB220060AA00F11C82 /* Project object */;
}
